{
  "version": "5",
  "specifiers": {
    "jsr:@bradenmacdonald/s3-lite-client@~0.9.4": "0.9.4",
    "jsr:@std/assert@^1.0.15": "1.0.15",
    "jsr:@std/internal@^1.0.12": "1.0.12",
    "npm:@aws-sdk/client-s3@*": "3.917.0",
    "npm:@aws-sdk/client-s3@^3.917.0": "3.917.0",
    "npm:@types/node@*": "24.2.0"
  },
  "jsr": {
    "@bradenmacdonald/s3-lite-client@0.9.4": {
      "integrity": "f52e31c7efdaeb1ccdf65a1db995b5920d635717c96d45dcf9450c3cc47ecaaf"
    },
    "@std/assert@1.0.15": {
      "integrity": "d64018e951dbdfab9777335ecdb000c0b4e3df036984083be219ce5941e4703b",
      "dependencies": [
        "jsr:@std/internal"
      ]
    },
    "@std/internal@1.0.12": {
      "integrity": "972a634fd5bc34b242024402972cd5143eac68d8dffaca5eaa4dba30ce17b027"
    }
  },
  "npm": {
    "@aws-crypto/crc32@5.2.0": {
      "integrity": "sha512-nLbCWqQNgUiwwtFsen1AdzAtvuLRsQS8rYgMuxCrdKf9kOssamGLuPwyTY9wyYblNr9+1XM8v6zoDTPPSIeANg==",
      "dependencies": [
        "@aws-crypto/util",
        "@aws-sdk/types",
        "tslib"
      ]
    },
    "@aws-crypto/crc32c@5.2.0": {
      "integrity": "sha512-+iWb8qaHLYKrNvGRbiYRHSdKRWhto5XlZUEBwDjYNf+ly5SVYG6zEoYIdxvf5R3zyeP16w4PLBn3rH1xc74Rag==",
      "dependencies": [
        "@aws-crypto/util",
        "@aws-sdk/types",
        "tslib"
      ]
    },
    "@aws-crypto/sha1-browser@5.2.0": {
      "integrity": "sha512-OH6lveCFfcDjX4dbAvCFSYUjJZjDr/3XJ3xHtjn3Oj5b9RjojQo8npoLeA/bNwkOkrSQ0wgrHzXk4tDRxGKJeg==",
      "dependencies": [
        "@aws-crypto/supports-web-crypto",
        "@aws-crypto/util",
        "@aws-sdk/types",
        "@aws-sdk/util-locate-window",
        "@smithy/util-utf8@2.3.0",
        "tslib"
      ]
    },
    "@aws-crypto/sha256-browser@5.2.0": {
      "integrity": "sha512-AXfN/lGotSQwu6HNcEsIASo7kWXZ5HYWvfOmSNKDsEqC4OashTp8alTmaz+F7TC2L083SFv5RdB+qU3Vs1kZqw==",
      "dependencies": [
        "@aws-crypto/sha256-js",
        "@aws-crypto/supports-web-crypto",
        "@aws-crypto/util",
        "@aws-sdk/types",
        "@aws-sdk/util-locate-window",
        "@smithy/util-utf8@2.3.0",
        "tslib"
      ]
    },
    "@aws-crypto/sha256-js@5.2.0": {
      "integrity": "sha512-FFQQyu7edu4ufvIZ+OadFpHHOt+eSTBaYaki44c+akjg7qZg9oOQeLlk77F6tSYqjDAFClrHJk9tMf0HdVyOvA==",
      "dependencies": [
        "@aws-crypto/util",
        "@aws-sdk/types",
        "tslib"
      ]
    },
    "@aws-crypto/supports-web-crypto@5.2.0": {
      "integrity": "sha512-iAvUotm021kM33eCdNfwIN//F77/IADDSs58i+MDaOqFrVjZo9bAal0NK7HurRuWLLpF1iLX7gbWrjHjeo+YFg==",
      "dependencies": [
        "tslib"
      ]
    },
    "@aws-crypto/util@5.2.0": {
      "integrity": "sha512-4RkU9EsI6ZpBve5fseQlGNUWKMa1RLPQ1dnjnQoe07ldfIzcsGb5hC5W0Dm7u423KWzawlrpbjXBrXCEv9zazQ==",
      "dependencies": [
        "@aws-sdk/types",
        "@smithy/util-utf8@2.3.0",
        "tslib"
      ]
    },
    "@aws-sdk/client-s3@3.917.0": {
      "integrity": "sha512-3L73mDCpH7G0koFv3p3WkkEKqC5wn2EznKtNMrJ6hczPIr2Cu6DJz8VHeTZp9wFZLPrIBmh3ZW1KiLujT5Fd2w==",
      "dependencies": [
        "@aws-crypto/sha1-browser",
        "@aws-crypto/sha256-browser",
        "@aws-crypto/sha256-js",
        "@aws-sdk/core",
        "@aws-sdk/credential-provider-node",
        "@aws-sdk/middleware-bucket-endpoint",
        "@aws-sdk/middleware-expect-continue",
        "@aws-sdk/middleware-flexible-checksums",
        "@aws-sdk/middleware-host-header",
        "@aws-sdk/middleware-location-constraint",
        "@aws-sdk/middleware-logger",
        "@aws-sdk/middleware-recursion-detection",
        "@aws-sdk/middleware-sdk-s3",
        "@aws-sdk/middleware-ssec",
        "@aws-sdk/middleware-user-agent",
        "@aws-sdk/region-config-resolver",
        "@aws-sdk/signature-v4-multi-region",
        "@aws-sdk/types",
        "@aws-sdk/util-endpoints",
        "@aws-sdk/util-user-agent-browser",
        "@aws-sdk/util-user-agent-node",
        "@aws-sdk/xml-builder",
        "@smithy/config-resolver",
        "@smithy/core",
        "@smithy/eventstream-serde-browser",
        "@smithy/eventstream-serde-config-resolver",
        "@smithy/eventstream-serde-node",
        "@smithy/fetch-http-handler",
        "@smithy/hash-blob-browser",
        "@smithy/hash-node",
        "@smithy/hash-stream-node",
        "@smithy/invalid-dependency",
        "@smithy/md5-js",
        "@smithy/middleware-content-length",
        "@smithy/middleware-endpoint",
        "@smithy/middleware-retry",
        "@smithy/middleware-serde",
        "@smithy/middleware-stack",
        "@smithy/node-config-provider",
        "@smithy/node-http-handler",
        "@smithy/protocol-http",
        "@smithy/smithy-client",
        "@smithy/types",
        "@smithy/url-parser",
        "@smithy/util-base64",
        "@smithy/util-body-length-browser",
        "@smithy/util-body-length-node",
        "@smithy/util-defaults-mode-browser",
        "@smithy/util-defaults-mode-node",
        "@smithy/util-endpoints",
        "@smithy/util-middleware",
        "@smithy/util-retry",
        "@smithy/util-stream",
        "@smithy/util-utf8@4.2.0",
        "@smithy/util-waiter",
        "@smithy/uuid",
        "tslib"
      ]
    },
    "@aws-sdk/client-sso@3.916.0": {
      "integrity": "sha512-Eu4PtEUL1MyRvboQnoq5YKg0Z9vAni3ccebykJy615xokVZUdA3di2YxHM/hykDQX7lcUC62q9fVIvh0+UNk/w==",
      "dependencies": [
        "@aws-crypto/sha256-browser",
        "@aws-crypto/sha256-js",
        "@aws-sdk/core",
        "@aws-sdk/middleware-host-header",
        "@aws-sdk/middleware-logger",
        "@aws-sdk/middleware-recursion-detection",
        "@aws-sdk/middleware-user-agent",
        "@aws-sdk/region-config-resolver",
        "@aws-sdk/types",
        "@aws-sdk/util-endpoints",
        "@aws-sdk/util-user-agent-browser",
        "@aws-sdk/util-user-agent-node",
        "@smithy/config-resolver",
        "@smithy/core",
        "@smithy/fetch-http-handler",
        "@smithy/hash-node",
        "@smithy/invalid-dependency",
        "@smithy/middleware-content-length",
        "@smithy/middleware-endpoint",
        "@smithy/middleware-retry",
        "@smithy/middleware-serde",
        "@smithy/middleware-stack",
        "@smithy/node-config-provider",
        "@smithy/node-http-handler",
        "@smithy/protocol-http",
        "@smithy/smithy-client",
        "@smithy/types",
        "@smithy/url-parser",
        "@smithy/util-base64",
        "@smithy/util-body-length-browser",
        "@smithy/util-body-length-node",
        "@smithy/util-defaults-mode-browser",
        "@smithy/util-defaults-mode-node",
        "@smithy/util-endpoints",
        "@smithy/util-middleware",
        "@smithy/util-retry",
        "@smithy/util-utf8@4.2.0",
        "tslib"
      ]
    },
    "@aws-sdk/core@3.916.0": {
      "integrity": "sha512-1JHE5s6MD5PKGovmx/F1e01hUbds/1y3X8rD+Gvi/gWVfdg5noO7ZCerpRsWgfzgvCMZC9VicopBqNHCKLykZA==",
      "dependencies": [
        "@aws-sdk/types",
        "@aws-sdk/xml-builder",
        "@smithy/core",
        "@smithy/node-config-provider",
        "@smithy/property-provider",
        "@smithy/protocol-http",
        "@smithy/signature-v4",
        "@smithy/smithy-client",
        "@smithy/types",
        "@smithy/util-base64",
        "@smithy/util-middleware",
        "@smithy/util-utf8@4.2.0",
        "tslib"
      ]
    },
    "@aws-sdk/credential-provider-env@3.916.0": {
      "integrity": "sha512-3gDeqOXcBRXGHScc6xb7358Lyf64NRG2P08g6Bu5mv1Vbg9PKDyCAZvhKLkG7hkdfAM8Yc6UJNhbFxr1ud/tCQ==",
      "dependencies": [
        "@aws-sdk/core",
        "@aws-sdk/types",
        "@smithy/property-provider",
        "@smithy/types",
        "tslib"
      ]
    },
    "@aws-sdk/credential-provider-http@3.916.0": {
      "integrity": "sha512-NmooA5Z4/kPFJdsyoJgDxuqXC1C6oPMmreJjbOPqcwo6E/h2jxaG8utlQFgXe5F9FeJsMx668dtxVxSYnAAqHQ==",
      "dependencies": [
        "@aws-sdk/core",
        "@aws-sdk/types",
        "@smithy/fetch-http-handler",
        "@smithy/node-http-handler",
        "@smithy/property-provider",
        "@smithy/protocol-http",
        "@smithy/smithy-client",
        "@smithy/types",
        "@smithy/util-stream",
        "tslib"
      ]
    },
    "@aws-sdk/credential-provider-ini@3.917.0": {
      "integrity": "sha512-rvQ0QamLySRq+Okc0ZqFHZ3Fbvj3tYuWNIlzyEKklNmw5X5PM1idYKlOJflY2dvUGkIqY3lUC9SC2WL+1s7KIw==",
      "dependencies": [
        "@aws-sdk/core",
        "@aws-sdk/credential-provider-env",
        "@aws-sdk/credential-provider-http",
        "@aws-sdk/credential-provider-process",
        "@aws-sdk/credential-provider-sso",
        "@aws-sdk/credential-provider-web-identity",
        "@aws-sdk/nested-clients",
        "@aws-sdk/types",
        "@smithy/credential-provider-imds",
        "@smithy/property-provider",
        "@smithy/shared-ini-file-loader",
        "@smithy/types",
        "tslib"
      ]
    },
    "@aws-sdk/credential-provider-node@3.917.0": {
      "integrity": "sha512-n7HUJ+TgU9wV/Z46yR1rqD9hUjfG50AKi+b5UXTlaDlVD8bckg40i77ROCllp53h32xQj/7H0yBIYyphwzLtmg==",
      "dependencies": [
        "@aws-sdk/credential-provider-env",
        "@aws-sdk/credential-provider-http",
        "@aws-sdk/credential-provider-ini",
        "@aws-sdk/credential-provider-process",
        "@aws-sdk/credential-provider-sso",
        "@aws-sdk/credential-provider-web-identity",
        "@aws-sdk/types",
        "@smithy/credential-provider-imds",
        "@smithy/property-provider",
        "@smithy/shared-ini-file-loader",
        "@smithy/types",
        "tslib"
      ]
    },
    "@aws-sdk/credential-provider-process@3.916.0": {
      "integrity": "sha512-SXDyDvpJ1+WbotZDLJW1lqP6gYGaXfZJrgFSXIuZjHb75fKeNRgPkQX/wZDdUvCwdrscvxmtyJorp2sVYkMcvA==",
      "dependencies": [
        "@aws-sdk/core",
        "@aws-sdk/types",
        "@smithy/property-provider",
        "@smithy/shared-ini-file-loader",
        "@smithy/types",
        "tslib"
      ]
    },
    "@aws-sdk/credential-provider-sso@3.916.0": {
      "integrity": "sha512-gu9D+c+U/Dp1AKBcVxYHNNoZF9uD4wjAKYCjgSN37j4tDsazwMEylbbZLuRNuxfbXtizbo4/TiaxBXDbWM7AkQ==",
      "dependencies": [
        "@aws-sdk/client-sso",
        "@aws-sdk/core",
        "@aws-sdk/token-providers",
        "@aws-sdk/types",
        "@smithy/property-provider",
        "@smithy/shared-ini-file-loader",
        "@smithy/types",
        "tslib"
      ]
    },
    "@aws-sdk/credential-provider-web-identity@3.917.0": {
      "integrity": "sha512-pZncQhFbwW04pB0jcD5OFv3x2gAddDYCVxyJVixgyhSw7bKCYxqu6ramfq1NxyVpmm+qsw+ijwi/3cCmhUHF/A==",
      "dependencies": [
        "@aws-sdk/core",
        "@aws-sdk/nested-clients",
        "@aws-sdk/types",
        "@smithy/property-provider",
        "@smithy/shared-ini-file-loader",
        "@smithy/types",
        "tslib"
      ],
      "deprecated": true
    },
    "@aws-sdk/middleware-bucket-endpoint@3.914.0": {
      "integrity": "sha512-mHLsVnPPp4iq3gL2oEBamfpeETFV0qzxRHmcnCfEP3hualV8YF8jbXGmwPCPopUPQDpbYDBHYtXaoClZikCWPQ==",
      "dependencies": [
        "@aws-sdk/types",
        "@aws-sdk/util-arn-parser",
        "@smithy/node-config-provider",
        "@smithy/protocol-http",
        "@smithy/types",
        "@smithy/util-config-provider",
        "tslib"
      ]
    },
    "@aws-sdk/middleware-expect-continue@3.917.0": {
      "integrity": "sha512-UPBq1ZP2CaxwbncWSbVqkhYXQrmfNiqAtHyBxi413hjRVZ4JhQ1UyH7pz5yqiG8zx2/+Po8cUD4SDUwJgda4nw==",
      "dependencies": [
        "@aws-sdk/types",
        "@smithy/protocol-http",
        "@smithy/types",
        "tslib"
      ]
    },
    "@aws-sdk/middleware-flexible-checksums@3.916.0": {
      "integrity": "sha512-CBRRg6slHHBYAm26AWY/pECHK0vVO/peDoNhZiAzUNt4jV6VftotjszEJ904pKGOr7/86CfZxtCnP3CCs3lQjA==",
      "dependencies": [
        "@aws-crypto/crc32",
        "@aws-crypto/crc32c",
        "@aws-crypto/util",
        "@aws-sdk/core",
        "@aws-sdk/types",
        "@smithy/is-array-buffer@4.2.0",
        "@smithy/node-config-provider",
        "@smithy/protocol-http",
        "@smithy/types",
        "@smithy/util-middleware",
        "@smithy/util-stream",
        "@smithy/util-utf8@4.2.0",
        "tslib"
      ]
    },
    "@aws-sdk/middleware-host-header@3.914.0": {
      "integrity": "sha512-7r9ToySQ15+iIgXMF/h616PcQStByylVkCshmQqcdeynD/lCn2l667ynckxW4+ql0Q+Bo/URljuhJRxVJzydNA==",
      "dependencies": [
        "@aws-sdk/types",
        "@smithy/protocol-http",
        "@smithy/types",
        "tslib"
      ]
    },
    "@aws-sdk/middleware-location-constraint@3.914.0": {
      "integrity": "sha512-Mpd0Sm9+GN7TBqGnZg1+dO5QZ/EOYEcDTo7KfvoyrXScMlxvYm9fdrUVMmLdPn/lntweZGV3uNrs+huasGOOTA==",
      "dependencies": [
        "@aws-sdk/types",
        "@smithy/types",
        "tslib"
      ]
    },
    "@aws-sdk/middleware-logger@3.914.0": {
      "integrity": "sha512-/gaW2VENS5vKvJbcE1umV4Ag3NuiVzpsANxtrqISxT3ovyro29o1RezW/Avz/6oJqjnmgz8soe9J1t65jJdiNg==",
      "dependencies": [
        "@aws-sdk/types",
        "@smithy/types",
        "tslib"
      ]
    },
    "@aws-sdk/middleware-recursion-detection@3.914.0": {
      "integrity": "sha512-yiAjQKs5S2JKYc+GrkvGMwkUvhepXDigEXpSJqUseR/IrqHhvGNuOxDxq+8LbDhM4ajEW81wkiBbU+Jl9G82yQ==",
      "dependencies": [
        "@aws-sdk/types",
        "@aws/lambda-invoke-store",
        "@smithy/protocol-http",
        "@smithy/types",
        "tslib"
      ]
    },
    "@aws-sdk/middleware-sdk-s3@3.916.0": {
      "integrity": "sha512-pjmzzjkEkpJObzmTthqJPq/P13KoNFuEi/x5PISlzJtHofCNcyXeVAQ90yvY2dQ6UXHf511Rh1/ytiKy2A8M0g==",
      "dependencies": [
        "@aws-sdk/core",
        "@aws-sdk/types",
        "@aws-sdk/util-arn-parser",
        "@smithy/core",
        "@smithy/node-config-provider",
        "@smithy/protocol-http",
        "@smithy/signature-v4",
        "@smithy/smithy-client",
        "@smithy/types",
        "@smithy/util-config-provider",
        "@smithy/util-middleware",
        "@smithy/util-stream",
        "@smithy/util-utf8@4.2.0",
        "tslib"
      ]
    },
    "@aws-sdk/middleware-ssec@3.914.0": {
      "integrity": "sha512-V1Oae/oLVbpNb9uWs+v80GKylZCdsbqs2c2Xb1FsAUPtYeSnxFuAWsF3/2AEMSSpFe0dTC5KyWr/eKl2aim9VQ==",
      "dependencies": [
        "@aws-sdk/types",
        "@smithy/types",
        "tslib"
      ]
    },
    "@aws-sdk/middleware-user-agent@3.916.0": {
      "integrity": "sha512-mzF5AdrpQXc2SOmAoaQeHpDFsK2GE6EGcEACeNuoESluPI2uYMpuuNMYrUufdnIAIyqgKlis0NVxiahA5jG42w==",
      "dependencies": [
        "@aws-sdk/core",
        "@aws-sdk/types",
        "@aws-sdk/util-endpoints",
        "@smithy/core",
        "@smithy/protocol-http",
        "@smithy/types",
        "tslib"
      ]
    },
    "@aws-sdk/nested-clients@3.916.0": {
      "integrity": "sha512-tgg8e8AnVAer0rcgeWucFJ/uNN67TbTiDHfD+zIOPKep0Z61mrHEoeT/X8WxGIOkEn4W6nMpmS4ii8P42rNtnA==",
      "dependencies": [
        "@aws-crypto/sha256-browser",
        "@aws-crypto/sha256-js",
        "@aws-sdk/core",
        "@aws-sdk/middleware-host-header",
        "@aws-sdk/middleware-logger",
        "@aws-sdk/middleware-recursion-detection",
        "@aws-sdk/middleware-user-agent",
        "@aws-sdk/region-config-resolver",
        "@aws-sdk/types",
        "@aws-sdk/util-endpoints",
        "@aws-sdk/util-user-agent-browser",
        "@aws-sdk/util-user-agent-node",
        "@smithy/config-resolver",
        "@smithy/core",
        "@smithy/fetch-http-handler",
        "@smithy/hash-node",
        "@smithy/invalid-dependency",
        "@smithy/middleware-content-length",
        "@smithy/middleware-endpoint",
        "@smithy/middleware-retry",
        "@smithy/middleware-serde",
        "@smithy/middleware-stack",
        "@smithy/node-config-provider",
        "@smithy/node-http-handler",
        "@smithy/protocol-http",
        "@smithy/smithy-client",
        "@smithy/types",
        "@smithy/url-parser",
        "@smithy/util-base64",
        "@smithy/util-body-length-browser",
        "@smithy/util-body-length-node",
        "@smithy/util-defaults-mode-browser",
        "@smithy/util-defaults-mode-node",
        "@smithy/util-endpoints",
        "@smithy/util-middleware",
        "@smithy/util-retry",
        "@smithy/util-utf8@4.2.0",
        "tslib"
      ]
    },
    "@aws-sdk/region-config-resolver@3.914.0": {
      "integrity": "sha512-KlmHhRbn1qdwXUdsdrJ7S/MAkkC1jLpQ11n+XvxUUUCGAJd1gjC7AjxPZUM7ieQ2zcb8bfEzIU7al+Q3ZT0u7Q==",
      "dependencies": [
        "@aws-sdk/types",
        "@smithy/config-resolver",
        "@smithy/types",
        "tslib"
      ]
    },
    "@aws-sdk/signature-v4-multi-region@3.916.0": {
      "integrity": "sha512-fuzUMo6xU7e0NBzBA6TQ4FUf1gqNbg4woBSvYfxRRsIfKmSMn9/elXXn4sAE5UKvlwVQmYnb6p7dpVRPyFvnQA==",
      "dependencies": [
        "@aws-sdk/middleware-sdk-s3",
        "@aws-sdk/types",
        "@smithy/protocol-http",
        "@smithy/signature-v4",
        "@smithy/types",
        "tslib"
      ]
    },
    "@aws-sdk/token-providers@3.916.0": {
      "integrity": "sha512-13GGOEgq5etbXulFCmYqhWtpcEQ6WI6U53dvXbheW0guut8fDFJZmEv7tKMTJgiybxh7JHd0rWcL9JQND8DwoQ==",
      "dependencies": [
        "@aws-sdk/core",
        "@aws-sdk/nested-clients",
        "@aws-sdk/types",
        "@smithy/property-provider",
        "@smithy/shared-ini-file-loader",
        "@smithy/types",
        "tslib"
      ]
    },
    "@aws-sdk/types@3.914.0": {
      "integrity": "sha512-kQWPsRDmom4yvAfyG6L1lMmlwnTzm1XwMHOU+G5IFlsP4YEaMtXidDzW/wiivY0QFrhfCz/4TVmu0a2aPU57ug==",
      "dependencies": [
        "@smithy/types",
        "tslib"
      ]
    },
    "@aws-sdk/util-arn-parser@3.893.0": {
      "integrity": "sha512-u8H4f2Zsi19DGnwj5FSZzDMhytYF/bCh37vAtBsn3cNDL3YG578X5oc+wSX54pM3tOxS+NY7tvOAo52SW7koUA==",
      "dependencies": [
        "tslib"
      ]
    },
    "@aws-sdk/util-endpoints@3.916.0": {
      "integrity": "sha512-bAgUQwvixdsiGNcuZSDAOWbyHlnPtg8G8TyHD6DTfTmKTHUW6tAn+af/ZYJPXEzXhhpwgJqi58vWnsiDhmr7NQ==",
      "dependencies": [
        "@aws-sdk/types",
        "@smithy/types",
        "@smithy/url-parser",
        "@smithy/util-endpoints",
        "tslib"
      ]
    },
    "@aws-sdk/util-locate-window@3.893.0": {
      "integrity": "sha512-T89pFfgat6c8nMmpI8eKjBcDcgJq36+m9oiXbcUzeU55MP9ZuGgBomGjGnHaEyF36jenW9gmg3NfZDm0AO2XPg==",
      "dependencies": [
        "tslib"
      ]
    },
    "@aws-sdk/util-user-agent-browser@3.914.0": {
      "integrity": "sha512-rMQUrM1ECH4kmIwlGl9UB0BtbHy6ZuKdWFrIknu8yGTRI/saAucqNTh5EI1vWBxZ0ElhK5+g7zOnUuhSmVQYUA==",
      "dependencies": [
        "@aws-sdk/types",
        "@smithy/types",
        "bowser",
        "tslib"
      ]
    },
    "@aws-sdk/util-user-agent-node@3.916.0": {
      "integrity": "sha512-CwfWV2ch6UdjuSV75ZU99N03seEUb31FIUrXBnwa6oONqj/xqXwrxtlUMLx6WH3OJEE4zI3zt5PjlTdGcVwf4g==",
      "dependencies": [
        "@aws-sdk/middleware-user-agent",
        "@aws-sdk/types",
        "@smithy/node-config-provider",
        "@smithy/types",
        "tslib"
      ]
    },
    "@aws-sdk/xml-builder@3.914.0": {
      "integrity": "sha512-k75evsBD5TcIjedycYS7QXQ98AmOtbnxRJOPtCo0IwYRmy7UvqgS/gBL5SmrIqeV6FDSYRQMgdBxSMp6MLmdew==",
      "dependencies": [
        "@smithy/types",
        "fast-xml-parser",
        "tslib"
      ]
    },
    "@aws/lambda-invoke-store@0.0.1": {
      "integrity": "sha512-ORHRQ2tmvnBXc8t/X9Z8IcSbBA4xTLKuN873FopzklHMeqBst7YG0d+AX97inkvDX+NChYtSr+qGfcqGFaI8Zw=="
    },
    "@smithy/abort-controller@4.2.3": {
      "integrity": "sha512-xWL9Mf8b7tIFuAlpjKtRPnHrR8XVrwTj5NPYO/QwZPtc0SDLsPxb56V5tzi5yspSMytISHybifez+4jlrx0vkQ==",
      "dependencies": [
        "@smithy/types",
        "tslib"
      ]
    },
    "@smithy/chunked-blob-reader-native@4.2.1": {
      "integrity": "sha512-lX9Ay+6LisTfpLid2zZtIhSEjHMZoAR5hHCR4H7tBz/Zkfr5ea8RcQ7Tk4mi0P76p4cN+Btz16Ffno7YHpKXnQ==",
      "dependencies": [
        "@smithy/util-base64",
        "tslib"
      ]
    },
    "@smithy/chunked-blob-reader@5.2.0": {
      "integrity": "sha512-WmU0TnhEAJLWvfSeMxBNe5xtbselEO8+4wG0NtZeL8oR21WgH1xiO37El+/Y+H/Ie4SCwBy3MxYWmOYaGgZueA==",
      "dependencies": [
        "tslib"
      ]
    },
    "@smithy/config-resolver@4.4.0": {
      "integrity": "sha512-Kkmz3Mup2PGp/HNJxhCWkLNdlajJORLSjwkcfrj0E7nu6STAEdcMR1ir5P9/xOmncx8xXfru0fbUYLlZog/cFg==",
      "dependencies": [
        "@smithy/node-config-provider",
        "@smithy/types",
        "@smithy/util-config-provider",
        "@smithy/util-endpoints",
        "@smithy/util-middleware",
        "tslib"
      ]
    },
    "@smithy/core@3.17.1": {
      "integrity": "sha512-V4Qc2CIb5McABYfaGiIYLTmo/vwNIK7WXI5aGveBd9UcdhbOMwcvIMxIw/DJj1S9QgOMa/7FBkarMdIC0EOTEQ==",
      "dependencies": [
        "@smithy/middleware-serde",
        "@smithy/protocol-http",
        "@smithy/types",
        "@smithy/util-base64",
        "@smithy/util-body-length-browser",
        "@smithy/util-middleware",
        "@smithy/util-stream",
        "@smithy/util-utf8@4.2.0",
        "@smithy/uuid",
        "tslib"
      ]
    },
    "@smithy/credential-provider-imds@4.2.3": {
      "integrity": "sha512-hA1MQ/WAHly4SYltJKitEsIDVsNmXcQfYBRv2e+q04fnqtAX5qXaybxy/fhUeAMCnQIdAjaGDb04fMHQefWRhw==",
      "dependencies": [
        "@smithy/node-config-provider",
        "@smithy/property-provider",
        "@smithy/types",
        "@smithy/url-parser",
        "tslib"
      ]
    },
    "@smithy/eventstream-codec@4.2.3": {
      "integrity": "sha512-rcr0VH0uNoMrtgKuY7sMfyKqbHc4GQaQ6Yp4vwgm+Z6psPuOgL+i/Eo/QWdXRmMinL3EgFM0Z1vkfyPyfzLmjw==",
      "dependencies": [
        "@aws-crypto/crc32",
        "@smithy/types",
        "@smithy/util-hex-encoding",
        "tslib"
      ]
    },
    "@smithy/eventstream-serde-browser@4.2.3": {
      "integrity": "sha512-EcS0kydOr2qJ3vV45y7nWnTlrPmVIMbUFOZbMG80+e2+xePQISX9DrcbRpVRFTS5Nqz3FiEbDcTCAV0or7bqdw==",
      "dependencies": [
        "@smithy/eventstream-serde-universal",
        "@smithy/types",
        "tslib"
      ]
    },
    "@smithy/eventstream-serde-config-resolver@4.3.3": {
      "integrity": "sha512-GewKGZ6lIJ9APjHFqR2cUW+Efp98xLu1KmN0jOWxQ1TN/gx3HTUPVbLciFD8CfScBj2IiKifqh9vYFRRXrYqXA==",
      "dependencies": [
        "@smithy/types",
        "tslib"
      ]
    },
    "@smithy/eventstream-serde-node@4.2.3": {
      "integrity": "sha512-uQobOTQq2FapuSOlmGLUeGTpvcBLE5Fc7XjERUSk4dxEi4AhTwuyHYZNAvL4EMUp7lzxxkKDFaJ1GY0ovrj0Kg==",
      "dependencies": [
        "@smithy/eventstream-serde-universal",
        "@smithy/types",
        "tslib"
      ]
    },
    "@smithy/eventstream-serde-universal@4.2.3": {
      "integrity": "sha512-QIvH/CKOk1BZPz/iwfgbh1SQD5Y0lpaw2kLA8zpLRRtYMPXeYUEWh+moTaJyqDaKlbrB174kB7FSRFiZ735tWw==",
      "dependencies": [
        "@smithy/eventstream-codec",
        "@smithy/types",
        "tslib"
      ]
    },
    "@smithy/fetch-http-handler@5.3.4": {
      "integrity": "sha512-bwigPylvivpRLCm+YK9I5wRIYjFESSVwl8JQ1vVx/XhCw0PtCi558NwTnT2DaVCl5pYlImGuQTSwMsZ+pIavRw==",
      "dependencies": [
        "@smithy/protocol-http",
        "@smithy/querystring-builder",
        "@smithy/types",
        "@smithy/util-base64",
        "tslib"
      ]
    },
    "@smithy/hash-blob-browser@4.2.4": {
      "integrity": "sha512-W7eIxD+rTNsLB/2ynjmbdeP7TgxRXprfvqQxKFEfy9HW2HeD7t+g+KCIrY0pIn/GFjA6/fIpH+JQnfg5TTk76Q==",
      "dependencies": [
        "@smithy/chunked-blob-reader",
        "@smithy/chunked-blob-reader-native",
        "@smithy/types",
        "tslib"
      ]
    },
    "@smithy/hash-node@4.2.3": {
      "integrity": "sha512-6+NOdZDbfuU6s1ISp3UOk5Rg953RJ2aBLNLLBEcamLjHAg1Po9Ha7QIB5ZWhdRUVuOUrT8BVFR+O2KIPmw027g==",
      "dependencies": [
        "@smithy/types",
        "@smithy/util-buffer-from@4.2.0",
        "@smithy/util-utf8@4.2.0",
        "tslib"
      ]
    },
    "@smithy/hash-stream-node@4.2.3": {
      "integrity": "sha512-EXMSa2yiStVII3x/+BIynyOAZlS7dGvI7RFrzXa/XssBgck/7TXJIvnjnCu328GY/VwHDC4VeDyP1S4rqwpYag==",
      "dependencies": [
        "@smithy/types",
        "@smithy/util-utf8@4.2.0",
        "tslib"
      ]
    },
    "@smithy/invalid-dependency@4.2.3": {
      "integrity": "sha512-Cc9W5DwDuebXEDMpOpl4iERo8I0KFjTnomK2RMdhhR87GwrSmUmwMxS4P5JdRf+LsjOdIqumcerwRgYMr/tZ9Q==",
      "dependencies": [
        "@smithy/types",
        "tslib"
      ]
    },
    "@smithy/is-array-buffer@2.2.0": {
      "integrity": "sha512-GGP3O9QFD24uGeAXYUjwSTXARoqpZykHadOmA8G5vfJPK0/DC67qa//0qvqrJzL1xc8WQWX7/yc7fwudjPHPhA==",
      "dependencies": [
        "tslib"
      ]
    },
    "@smithy/is-array-buffer@4.2.0": {
      "integrity": "sha512-DZZZBvC7sjcYh4MazJSGiWMI2L7E0oCiRHREDzIxi/M2LY79/21iXt6aPLHge82wi5LsuRF5A06Ds3+0mlh6CQ==",
      "dependencies": [
        "tslib"
      ]
    },
    "@smithy/md5-js@4.2.3": {
      "integrity": "sha512-5+4bUEJQi/NRgzdA5SVXvAwyvEnD0ZAiKzV3yLO6dN5BG8ScKBweZ8mxXXUtdxq+Dx5k6EshKk0XJ7vgvIPSnA==",
      "dependencies": [
        "@smithy/types",
        "@smithy/util-utf8@4.2.0",
        "tslib"
      ]
    },
    "@smithy/middleware-content-length@4.2.3": {
      "integrity": "sha512-/atXLsT88GwKtfp5Jr0Ks1CSa4+lB+IgRnkNrrYP0h1wL4swHNb0YONEvTceNKNdZGJsye+W2HH8W7olbcPUeA==",
      "dependencies": [
        "@smithy/protocol-http",
        "@smithy/types",
        "tslib"
      ]
    },
    "@smithy/middleware-endpoint@4.3.5": {
      "integrity": "sha512-SIzKVTvEudFWJbxAaq7f2GvP3jh2FHDpIFI6/VAf4FOWGFZy0vnYMPSRj8PGYI8Hjt29mvmwSRgKuO3bK4ixDw==",
      "dependencies": [
        "@smithy/core",
        "@smithy/middleware-serde",
        "@smithy/node-config-provider",
        "@smithy/shared-ini-file-loader",
        "@smithy/types",
        "@smithy/url-parser",
        "@smithy/util-middleware",
        "tslib"
      ]
    },
    "@smithy/middleware-retry@4.4.5": {
      "integrity": "sha512-DCaXbQqcZ4tONMvvdz+zccDE21sLcbwWoNqzPLFlZaxt1lDtOE2tlVpRSwcTOJrjJSUThdgEYn7HrX5oLGlK9A==",
      "dependencies": [
        "@smithy/node-config-provider",
        "@smithy/protocol-http",
        "@smithy/service-error-classification",
        "@smithy/smithy-client",
        "@smithy/types",
        "@smithy/util-middleware",
        "@smithy/util-retry",
        "@smithy/uuid",
        "tslib"
      ]
    },
    "@smithy/middleware-serde@4.2.3": {
      "integrity": "sha512-8g4NuUINpYccxiCXM5s1/V+uLtts8NcX4+sPEbvYQDZk4XoJfDpq5y2FQxfmUL89syoldpzNzA0R9nhzdtdKnQ==",
      "dependencies": [
        "@smithy/protocol-http",
        "@smithy/types",
        "tslib"
      ]
    },
    "@smithy/middleware-stack@4.2.3": {
      "integrity": "sha512-iGuOJkH71faPNgOj/gWuEGS6xvQashpLwWB1HjHq1lNNiVfbiJLpZVbhddPuDbx9l4Cgl0vPLq5ltRfSaHfspA==",
      "dependencies": [
        "@smithy/types",
        "tslib"
      ]
    },
    "@smithy/node-config-provider@4.3.3": {
      "integrity": "sha512-NzI1eBpBSViOav8NVy1fqOlSfkLgkUjUTlohUSgAEhHaFWA3XJiLditvavIP7OpvTjDp5u2LhtlBhkBlEisMwA==",
      "dependencies": [
        "@smithy/property-provider",
        "@smithy/shared-ini-file-loader",
        "@smithy/types",
        "tslib"
      ]
    },
    "@smithy/node-http-handler@4.4.3": {
      "integrity": "sha512-MAwltrDB0lZB/H6/2M5PIsISSwdI5yIh6DaBB9r0Flo9nx3y0dzl/qTMJPd7tJvPdsx6Ks/cwVzheGNYzXyNbQ==",
      "dependencies": [
        "@smithy/abort-controller",
        "@smithy/protocol-http",
        "@smithy/querystring-builder",
        "@smithy/types",
        "tslib"
      ]
    },
    "@smithy/property-provider@4.2.3": {
      "integrity": "sha512-+1EZ+Y+njiefCohjlhyOcy1UNYjT+1PwGFHCxA/gYctjg3DQWAU19WigOXAco/Ql8hZokNehpzLd0/+3uCreqQ==",
      "dependencies": [
        "@smithy/types",
        "tslib"
      ]
    },
    "@smithy/protocol-http@5.3.3": {
      "integrity": "sha512-Mn7f/1aN2/jecywDcRDvWWWJF4uwg/A0XjFMJtj72DsgHTByfjRltSqcT9NyE9RTdBSN6X1RSXrhn/YWQl8xlw==",
      "dependencies": [
        "@smithy/types",
        "tslib"
      ]
    },
    "@smithy/querystring-builder@4.2.3": {
      "integrity": "sha512-LOVCGCmwMahYUM/P0YnU/AlDQFjcu+gWbFJooC417QRB/lDJlWSn8qmPSDp+s4YVAHOgtgbNG4sR+SxF/VOcJQ==",
      "dependencies": [
        "@smithy/types",
        "@smithy/util-uri-escape",
        "tslib"
      ]
    },
    "@smithy/querystring-parser@4.2.3": {
      "integrity": "sha512-cYlSNHcTAX/wc1rpblli3aUlLMGgKZ/Oqn8hhjFASXMCXjIqeuQBei0cnq2JR8t4RtU9FpG6uyl6PxyArTiwKA==",
      "dependencies": [
        "@smithy/types",
        "tslib"
      ]
    },
    "@smithy/service-error-classification@4.2.3": {
      "integrity": "sha512-NkxsAxFWwsPsQiwFG2MzJ/T7uIR6AQNh1SzcxSUnmmIqIQMlLRQDKhc17M7IYjiuBXhrQRjQTo3CxX+DobS93g==",
      "dependencies": [
        "@smithy/types"
      ]
    },
    "@smithy/shared-ini-file-loader@4.3.3": {
      "integrity": "sha512-9f9Ixej0hFhroOK2TxZfUUDR13WVa8tQzhSzPDgXe5jGL3KmaM9s8XN7RQwqtEypI82q9KHnKS71CJ+q/1xLtQ==",
      "dependencies": [
        "@smithy/types",
        "tslib"
      ]
    },
    "@smithy/signature-v4@5.3.3": {
      "integrity": "sha512-CmSlUy+eEYbIEYN5N3vvQTRfqt0lJlQkaQUIf+oizu7BbDut0pozfDjBGecfcfWf7c62Yis4JIEgqQ/TCfodaA==",
      "dependencies": [
        "@smithy/is-array-buffer@4.2.0",
        "@smithy/protocol-http",
        "@smithy/types",
        "@smithy/util-hex-encoding",
        "@smithy/util-middleware",
        "@smithy/util-uri-escape",
        "@smithy/util-utf8@4.2.0",
        "tslib"
      ]
    },
    "@smithy/smithy-client@4.9.1": {
      "integrity": "sha512-Ngb95ryR5A9xqvQFT5mAmYkCwbXvoLavLFwmi7zVg/IowFPCfiqRfkOKnbc/ZRL8ZKJ4f+Tp6kSu6wjDQb8L/g==",
      "dependencies": [
        "@smithy/core",
        "@smithy/middleware-endpoint",
        "@smithy/middleware-stack",
        "@smithy/protocol-http",
        "@smithy/types",
        "@smithy/util-stream",
        "tslib"
      ]
    },
    "@smithy/types@4.8.0": {
      "integrity": "sha512-QpELEHLO8SsQVtqP+MkEgCYTFW0pleGozfs3cZ183ZBj9z3VC1CX1/wtFMK64p+5bhtZo41SeLK1rBRtd25nHQ==",
      "dependencies": [
        "tslib"
      ]
    },
    "@smithy/url-parser@4.2.3": {
      "integrity": "sha512-I066AigYvY3d9VlU3zG9XzZg1yT10aNqvCaBTw9EPgu5GrsEl1aUkcMvhkIXascYH1A8W0LQo3B1Kr1cJNcQEw==",
      "dependencies": [
        "@smithy/querystring-parser",
        "@smithy/types",
        "tslib"
      ]
    },
    "@smithy/util-base64@4.3.0": {
      "integrity": "sha512-GkXZ59JfyxsIwNTWFnjmFEI8kZpRNIBfxKjv09+nkAWPt/4aGaEWMM04m4sxgNVWkbt2MdSvE3KF/PfX4nFedQ==",
      "dependencies": [
        "@smithy/util-buffer-from@4.2.0",
        "@smithy/util-utf8@4.2.0",
        "tslib"
      ]
    },
    "@smithy/util-body-length-browser@4.2.0": {
      "integrity": "sha512-Fkoh/I76szMKJnBXWPdFkQJl2r9SjPt3cMzLdOB6eJ4Pnpas8hVoWPYemX/peO0yrrvldgCUVJqOAjUrOLjbxg==",
      "dependencies": [
        "tslib"
      ]
    },
    "@smithy/util-body-length-node@4.2.1": {
      "integrity": "sha512-h53dz/pISVrVrfxV1iqXlx5pRg3V2YWFcSQyPyXZRrZoZj4R4DeWRDo1a7dd3CPTcFi3kE+98tuNyD2axyZReA==",
      "dependencies": [
        "tslib"
      ]
    },
    "@smithy/util-buffer-from@2.2.0": {
      "integrity": "sha512-IJdWBbTcMQ6DA0gdNhh/BwrLkDR+ADW5Kr1aZmd4k3DIF6ezMV4R2NIAmT08wQJ3yUK82thHWmC/TnK/wpMMIA==",
      "dependencies": [
        "@smithy/is-array-buffer@2.2.0",
        "tslib"
      ]
    },
    "@smithy/util-buffer-from@4.2.0": {
      "integrity": "sha512-kAY9hTKulTNevM2nlRtxAG2FQ3B2OR6QIrPY3zE5LqJy1oxzmgBGsHLWTcNhWXKchgA0WHW+mZkQrng/pgcCew==",
      "dependencies": [
        "@smithy/is-array-buffer@4.2.0",
        "tslib"
      ]
    },
    "@smithy/util-config-provider@4.2.0": {
      "integrity": "sha512-YEjpl6XJ36FTKmD+kRJJWYvrHeUvm5ykaUS5xK+6oXffQPHeEM4/nXlZPe+Wu0lsgRUcNZiliYNh/y7q9c2y6Q==",
      "dependencies": [
        "tslib"
      ]
    },
    "@smithy/util-defaults-mode-browser@4.3.4": {
      "integrity": "sha512-qI5PJSW52rnutos8Bln8nwQZRpyoSRN6k2ajyoUHNMUzmWqHnOJCnDELJuV6m5PML0VkHI+XcXzdB+6awiqYUw==",
      "dependencies": [
        "@smithy/property-provider",
        "@smithy/smithy-client",
        "@smithy/types",
        "tslib"
      ]
    },
    "@smithy/util-defaults-mode-node@4.2.6": {
      "integrity": "sha512-c6M/ceBTm31YdcFpgfgQAJaw3KbaLuRKnAz91iMWFLSrgxRpYm03c3bu5cpYojNMfkV9arCUelelKA7XQT36SQ==",
      "dependencies": [
        "@smithy/config-resolver",
        "@smithy/credential-provider-imds",
        "@smithy/node-config-provider",
        "@smithy/property-provider",
        "@smithy/smithy-client",
        "@smithy/types",
        "tslib"
      ]
    },
    "@smithy/util-endpoints@3.2.3": {
      "integrity": "sha512-aCfxUOVv0CzBIkU10TubdgKSx5uRvzH064kaiPEWfNIvKOtNpu642P4FP1hgOFkjQIkDObrfIDnKMKkeyrejvQ==",
      "dependencies": [
        "@smithy/node-config-provider",
        "@smithy/types",
        "tslib"
      ]
    },
    "@smithy/util-hex-encoding@4.2.0": {
      "integrity": "sha512-CCQBwJIvXMLKxVbO88IukazJD9a4kQ9ZN7/UMGBjBcJYvatpWk+9g870El4cB8/EJxfe+k+y0GmR9CAzkF+Nbw==",
      "dependencies": [
        "tslib"
      ]
    },
    "@smithy/util-middleware@4.2.3": {
      "integrity": "sha512-v5ObKlSe8PWUHCqEiX2fy1gNv6goiw6E5I/PN2aXg3Fb/hse0xeaAnSpXDiWl7x6LamVKq7senB+m5LOYHUAHw==",
      "dependencies": [
        "@smithy/types",
        "tslib"
      ]
    },
    "@smithy/util-retry@4.2.3": {
      "integrity": "sha512-lLPWnakjC0q9z+OtiXk+9RPQiYPNAovt2IXD3CP4LkOnd9NpUsxOjMx1SnoUVB7Orb7fZp67cQMtTBKMFDvOGg==",
      "dependencies": [
        "@smithy/service-error-classification",
        "@smithy/types",
        "tslib"
      ]
    },
    "@smithy/util-stream@4.5.4": {
      "integrity": "sha512-+qDxSkiErejw1BAIXUFBSfM5xh3arbz1MmxlbMCKanDDZtVEQ7PSKW9FQS0Vud1eI/kYn0oCTVKyNzRlq+9MUw==",
      "dependencies": [
        "@smithy/fetch-http-handler",
        "@smithy/node-http-handler",
        "@smithy/types",
        "@smithy/util-base64",
        "@smithy/util-buffer-from@4.2.0",
        "@smithy/util-hex-encoding",
        "@smithy/util-utf8@4.2.0",
        "tslib"
      ]
    },
    "@smithy/util-uri-escape@4.2.0": {
      "integrity": "sha512-igZpCKV9+E/Mzrpq6YacdTQ0qTiLm85gD6N/IrmyDvQFA4UnU3d5g3m8tMT/6zG/vVkWSU+VxeUyGonL62DuxA==",
      "dependencies": [
        "tslib"
      ]
    },
    "@smithy/util-utf8@2.3.0": {
      "integrity": "sha512-R8Rdn8Hy72KKcebgLiv8jQcQkXoLMOGGv5uI1/k0l+snqkOzQ1R0ChUBCxWMlBsFMekWjq0wRudIweFs7sKT5A==",
      "dependencies": [
        "@smithy/util-buffer-from@2.2.0",
        "tslib"
      ]
    },
    "@smithy/util-utf8@4.2.0": {
      "integrity": "sha512-zBPfuzoI8xyBtR2P6WQj63Rz8i3AmfAaJLuNG8dWsfvPe8lO4aCPYLn879mEgHndZH1zQ2oXmG8O1GGzzaoZiw==",
      "dependencies": [
        "@smithy/util-buffer-from@4.2.0",
        "tslib"
      ]
    },
    "@smithy/util-waiter@4.2.3": {
      "integrity": "sha512-5+nU///E5sAdD7t3hs4uwvCTWQtTR8JwKwOCSJtBRx0bY1isDo1QwH87vRK86vlFLBTISqoDA2V6xvP6nF1isQ==",
      "dependencies": [
        "@smithy/abort-controller",
        "@smithy/types",
        "tslib"
      ]
    },
    "@smithy/uuid@1.1.0": {
      "integrity": "sha512-4aUIteuyxtBUhVdiQqcDhKFitwfd9hqoSDYY2KRXiWtgoWJ9Bmise+KfEPDiVHWeJepvF8xJO9/9+WDIciMFFw==",
      "dependencies": [
        "tslib"
      ]
    },
    "@types/node@24.2.0": {
      "integrity": "sha512-3xyG3pMCq3oYCNg7/ZP+E1ooTaGB4cG8JWRsqqOYQdbWNY4zbaV0Ennrd7stjiJEFZCaybcIgpTjJWHRfBSIDw==",
      "dependencies": [
        "undici-types"
      ]
    },
    "bowser@2.12.1": {
      "integrity": "sha512-z4rE2Gxh7tvshQ4hluIT7XcFrgLIQaw9X3A+kTTRdovCz5PMukm/0QC/BKSYPj3omF5Qfypn9O/c5kgpmvYUCw=="
    },
    "fast-xml-parser@5.2.5": {
      "integrity": "sha512-pfX9uG9Ki0yekDHx2SiuRIyFdyAr1kMIMitPvb0YBo8SUfKvia7w7FIyd/l6av85pFYRhZscS75MwMnbvY+hcQ==",
      "dependencies": [
        "strnum"
      ],
      "bin": true
    },
    "strnum@2.1.1": {
      "integrity": "sha512-7ZvoFTiCnGxBtDqJ//Cu6fWtZtc7Y3x+QOirG15wztbdngGSkht27o2pyGWrVy0b4WAy3jbKmnoK6g5VlVNUUw=="
    },
    "tslib@2.8.1": {
      "integrity": "sha512-oJFu94HQb+KVduSUQL7wnpmqnfmLsOA/nAh6b6EH0wCEoK0/mPeXU6c3wKDV83MkOuHPRHtSXKKU99IBazS/2w=="
    },
    "undici-types@7.10.0": {
      "integrity": "sha512-t5Fy/nfn+14LuOc2KNYg75vZqClpAiqscVvMygNnlsHBFpSXdJaYtXMcdNLpl/Qvc3P2cB3s6lOV51nqsFq4ag=="
    }
  },
  "remote": {
    "https://deno.land/std@0.203.0/assert/_constants.ts": "8a9da298c26750b28b326b297316cdde860bc237533b07e1337c021379e6b2a9",
    "https://deno.land/std@0.203.0/assert/_diff.ts": "1a3c044aedf77647d6cac86b798c6417603361b66b54c53331b312caeb447aea",
    "https://deno.land/std@0.203.0/assert/_format.ts": "a69126e8a469009adf4cf2a50af889aca364c349797e63174884a52ff75cf4c7",
    "https://deno.land/std@0.203.0/assert/assert.ts": "9a97dad6d98c238938e7540736b826440ad8c1c1e54430ca4c4e623e585607ee",
    "https://deno.land/std@0.203.0/assert/assert_almost_equals.ts": "e15ca1f34d0d5e0afae63b3f5d975cbd18335a132e42b0c747d282f62ad2cd6c",
    "https://deno.land/std@0.203.0/assert/assert_array_includes.ts": "6856d7f2c3544bc6e62fb4646dfefa3d1df5ff14744d1bca19f0cbaf3b0d66c9",
    "https://deno.land/std@0.203.0/assert/assert_equals.ts": "d8ec8a22447fbaf2fc9d7c3ed2e66790fdb74beae3e482855d75782218d68227",
    "https://deno.land/std@0.203.0/assert/assert_exists.ts": "407cb6b9fb23a835cd8d5ad804e2e2edbbbf3870e322d53f79e1c7a512e2efd7",
    "https://deno.land/std@0.203.0/assert/assert_false.ts": "0ccbcaae910f52c857192ff16ea08bda40fdc79de80846c206bfc061e8c851c6",
    "https://deno.land/std@0.203.0/assert/assert_greater.ts": "ae2158a2d19313bf675bf7251d31c6dc52973edb12ac64ac8fc7064152af3e63",
    "https://deno.land/std@0.203.0/assert/assert_greater_or_equal.ts": "1439da5ebbe20855446cac50097ac78b9742abe8e9a43e7de1ce1426d556e89c",
    "https://deno.land/std@0.203.0/assert/assert_instance_of.ts": "3aedb3d8186e120812d2b3a5dea66a6e42bf8c57a8bd927645770bd21eea554c",
    "https://deno.land/std@0.203.0/assert/assert_is_error.ts": "c21113094a51a296ffaf036767d616a78a2ae5f9f7bbd464cd0197476498b94b",
    "https://deno.land/std@0.203.0/assert/assert_less.ts": "aec695db57db42ec3e2b62e97e1e93db0063f5a6ec133326cc290ff4b71b47e4",
    "https://deno.land/std@0.203.0/assert/assert_less_or_equal.ts": "5fa8b6a3ffa20fd0a05032fe7257bf985d207b85685fdbcd23651b70f928c848",
    "https://deno.land/std@0.203.0/assert/assert_match.ts": "c4083f80600bc190309903c95e397a7c9257ff8b5ae5c7ef91e834704e672e9b",
    "https://deno.land/std@0.203.0/assert/assert_not_equals.ts": "9f1acab95bd1f5fc9a1b17b8027d894509a745d91bac1718fdab51dc76831754",
    "https://deno.land/std@0.203.0/assert/assert_not_instance_of.ts": "0c14d3dfd9ab7a5276ed8ed0b18c703d79a3d106102077ec437bfe7ed912bd22",
    "https://deno.land/std@0.203.0/assert/assert_not_match.ts": "3796a5b0c57a1ce6c1c57883dd4286be13a26f715ea662318ab43a8491a13ab0",
    "https://deno.land/std@0.203.0/assert/assert_not_strict_equals.ts": "ca6c6d645e95fbc873d25320efeb8c4c6089a9a5e09f92d7c1c4b6e935c2a6ad",
    "https://deno.land/std@0.203.0/assert/assert_object_match.ts": "d8fc2867cfd92eeacf9cea621e10336b666de1874a6767b5ec48988838370b54",
    "https://deno.land/std@0.203.0/assert/assert_rejects.ts": "45c59724de2701e3b1f67c391d6c71c392363635aad3f68a1b3408f9efca0057",
    "https://deno.land/std@0.203.0/assert/assert_strict_equals.ts": "b1f538a7ea5f8348aeca261d4f9ca603127c665e0f2bbfeb91fa272787c87265",
    "https://deno.land/std@0.203.0/assert/assert_string_includes.ts": "b821d39ebf5cb0200a348863c86d8c4c4b398e02012ce74ad15666fc4b631b0c",
    "https://deno.land/std@0.203.0/assert/assert_throws.ts": "63784e951475cb7bdfd59878cd25a0931e18f6dc32a6077c454b2cd94f4f4bcd",
    "https://deno.land/std@0.203.0/assert/assertion_error.ts": "4d0bde9b374dfbcbe8ac23f54f567b77024fb67dbb1906a852d67fe050d42f56",
    "https://deno.land/std@0.203.0/assert/equal.ts": "9f1a46d5993966d2596c44e5858eec821859b45f783a5ee2f7a695dfc12d8ece",
    "https://deno.land/std@0.203.0/assert/fail.ts": "c36353d7ae6e1f7933d45f8ea51e358c8c4b67d7e7502028598fe1fea062e278",
    "https://deno.land/std@0.203.0/assert/mod.ts": "37c49a26aae2b254bbe25723434dc28cd7532e444cf0b481a97c045d110ec085",
    "https://deno.land/std@0.203.0/assert/unimplemented.ts": "d56fbeecb1f108331a380f72e3e010a1f161baa6956fd0f7cf3e095ae1a4c75a",
    "https://deno.land/std@0.203.0/assert/unreachable.ts": "4600dc0baf7d9c15a7f7d234f00c23bca8f3eba8b140286aaca7aa998cf9a536",
    "https://deno.land/std@0.203.0/fmt/colors.ts": "c51c4642678eb690dcf5ffee5918b675bf01a33fba82acf303701ae1a4f8c8d9",
    "https://deno.land/std@0.203.0/testing/asserts.ts": "b4e4b1359393aeff09e853e27901a982c685cb630df30426ed75496961931946",
    "https://deno.land/std@0.208.0/async/delay.ts": "a6142eb44cdd856b645086af2b811b1fcce08ec06bb7d50969e6a872ee9b8659",
    "https://deno.land/std@0.208.0/http/server.ts": "f3cde6672e631d3e00785743cfa96bfed275618c0352c5ae84abbe5a2e0e4afc"
  },
  "workspace": {
    "dependencies": [
      "jsr:@bradenmacdonald/s3-lite-client@~0.9.4",
      "jsr:@std/assert@^1.0.15",
      "npm:@aws-sdk/client-s3@^3.917.0"
    ]
  }
}
